
Microsoft Visual Studio Solution File, Format Version 12.00
# Visual Studio Version 17
VisualStudioVersion = 17.9.34714.143
MinimumVisualStudioVersion = 10.0.40219.1
Project("{FAE04EC0-301F-11D3-BF4B-00C04F79EFBC}") = "DapperDemo", "DapperDemo\DapperDemo.csproj", "{0DDBF26F-5319-439B-87F5-47F86FE28A7C}"
EndProject
Project("{FAE04EC0-301F-11D3-BF4B-00C04F79EFBC}") = "AccesoDatos", "AccesoDatos\AccesoDatos.csproj", "{13A86460-9AE7-4488-A138-9A19937B2231}"
EndProject
Global
	GlobalSection(SolutionConfigurationPlatforms) = preSolution
		Debug|Any CPU = Debug|Any CPU
		Release|Any CPU = Release|Any CPU
	EndGlobalSection
	GlobalSection(ProjectConfigurationPlatforms) = postSolution
		{0DDBF26F-5319-439B-87F5-47F86FE28A7C}.Debug|Any CPU.ActiveCfg = Debug|Any CPU
		{0DDBF26F-5319-439B-87F5-47F86FE28A7C}.Debug|Any CPU.Build.0 = Debug|Any CPU
		{0DDBF26F-5319-439B-87F5-47F86FE28A7C}.Release|Any CPU.ActiveCfg = Release|Any CPU
		{0DDBF26F-5319-439B-87F5-47F86FE28A7C}.Release|Any CPU.Build.0 = Release|Any CPU
		{13A86460-9AE7-4488-A138-9A19937B2231}.Debug|Any CPU.ActiveCfg = Debug|Any CPU
		{13A86460-9AE7-4488-A138-9A19937B2231}.Debug|Any CPU.Build.0 = Debug|Any CPU
		{13A86460-9AE7-4488-A138-9A19937B2231}.Release|Any CPU.ActiveCfg = Release|Any CPU
		{13A86460-9AE7-4488-A138-9A19937B2231}.Release|Any CPU.Build.0 = Release|Any CPU
	EndGlobalSection
	GlobalSection(SolutionProperties) = preSolution
		HideSolutionNode = FALSE
	EndGlobalSection
	GlobalSection(ExtensibilityGlobals) = postSolution
		SolutionGuid = {18331499-ACD9-49C0-A347-4E6489B22267}
	EndGlobalSection
EndGlobal
